
Microsoft Visual Studio Solution File, Format Version 12.00
# Visual Studio Version 17
VisualStudioVersion = 17.4.33205.214
MinimumVisualStudioVersion = 10.0.40219.1
Project("{8BC9CEB8-8B4A-11D0-8D11-00A0C91BC942}") = "党史竞赛", "党史竞赛\党史竞赛.vcxproj", "{BB2094A0-083E-41D7-9EB9-F4C699774CD8}"
EndProject
Global
	GlobalSection(SolutionConfigurationPlatforms) = preSolution
		Debug|x64 = Debug|x64
		Debug|x86 = Debug|x86
		Release|x64 = Release|x64
		Release|x86 = Release|x86
	EndGlobalSection
	GlobalSection(ProjectConfigurationPlatforms) = postSolution
		{BB2094A0-083E-41D7-9EB9-F4C699774CD8}.Debug|x64.ActiveCfg = Debug|x64
		{BB2094A0-083E-41D7-9EB9-F4C699774CD8}.Debug|x64.Build.0 = Debug|x64
		{BB2094A0-083E-41D7-9EB9-F4C699774CD8}.Debug|x86.ActiveCfg = Debug|Win32
		{BB2094A0-083E-41D7-9EB9-F4C699774CD8}.Debug|x86.Build.0 = Debug|Win32
		{BB2094A0-083E-41D7-9EB9-F4C699774CD8}.Release|x64.ActiveCfg = Release|x64
		{BB2094A0-083E-41D7-9EB9-F4C699774CD8}.Release|x64.Build.0 = Release|x64
		{BB2094A0-083E-41D7-9EB9-F4C699774CD8}.Release|x86.ActiveCfg = Release|Win32
		{BB2094A0-083E-41D7-9EB9-F4C699774CD8}.Release|x86.Build.0 = Release|Win32
	EndGlobalSection
	GlobalSection(SolutionProperties) = preSolution
		HideSolutionNode = FALSE
	EndGlobalSection
	GlobalSection(ExtensibilityGlobals) = postSolution
		SolutionGuid = {FB91E6E9-3B29-4BEA-8230-436D230C4839}
	EndGlobalSection
EndGlobal
